#MicroXplorer Configuration settings - do not modify
CAD.formats=
CAD.pinconfig=
CAD.provider=
Dma.Request0=SPI2_TX
Dma.Request1=SPI3_RX
Dma.Request2=SPI5_TX
Dma.RequestsNb=3
Dma.SPI2_TX.0.Direction=DMA_MEMORY_TO_PERIPH
Dma.SPI2_TX.0.FIFOMode=DMA_FIFOMODE_ENABLE
Dma.SPI2_TX.0.FIFOThreshold=DMA_FIFO_THRESHOLD_FULL
Dma.SPI2_TX.0.Instance=DMA1_Stream4
Dma.SPI2_TX.0.MemBurst=DMA_MBURST_SINGLE
Dma.SPI2_TX.0.MemDataAlignment=DMA_MDATAALIGN_HALFWORD
Dma.SPI2_TX.0.MemInc=DMA_MINC_ENABLE
Dma.SPI2_TX.0.Mode=DMA_CIRCULAR
Dma.SPI2_TX.0.PeriphBurst=DMA_PBURST_SINGLE
Dma.SPI2_TX.0.PeriphDataAlignment=DMA_PDATAALIGN_HALFWORD
Dma.SPI2_TX.0.PeriphInc=DMA_PINC_DISABLE
Dma.SPI2_TX.0.Priority=DMA_PRIORITY_MEDIUM
Dma.SPI2_TX.0.RequestParameters=Instance,Direction,PeriphInc,MemInc,PeriphDataAlignment,MemDataAlignment,Mode,Priority,FIFOMode,FIFOThreshold,MemBurst,PeriphBurst
Dma.SPI3_RX.1.Direction=DMA_PERIPH_TO_MEMORY
Dma.SPI3_RX.1.FIFOMode=DMA_FIFOMODE_ENABLE
Dma.SPI3_RX.1.FIFOThreshold=DMA_FIFO_THRESHOLD_FULL
Dma.SPI3_RX.1.Instance=DMA1_Stream2
Dma.SPI3_RX.1.MemBurst=DMA_MBURST_SINGLE
Dma.SPI3_RX.1.MemDataAlignment=DMA_MDATAALIGN_HALFWORD
Dma.SPI3_RX.1.MemInc=DMA_MINC_ENABLE
Dma.SPI3_RX.1.Mode=DMA_CIRCULAR
Dma.SPI3_RX.1.PeriphBurst=DMA_PBURST_SINGLE
Dma.SPI3_RX.1.PeriphDataAlignment=DMA_PDATAALIGN_HALFWORD
Dma.SPI3_RX.1.PeriphInc=DMA_PINC_DISABLE
Dma.SPI3_RX.1.Priority=DMA_PRIORITY_MEDIUM
Dma.SPI3_RX.1.RequestParameters=Instance,Direction,PeriphInc,MemInc,PeriphDataAlignment,MemDataAlignment,Mode,Priority,FIFOMode,FIFOThreshold,MemBurst,PeriphBurst
Dma.SPI5_TX.2.Direction=DMA_MEMORY_TO_PERIPH
Dma.SPI5_TX.2.FIFOMode=DMA_FIFOMODE_DISABLE
Dma.SPI5_TX.2.Instance=DMA2_Stream4
Dma.SPI5_TX.2.MemDataAlignment=DMA_MDATAALIGN_BYTE
Dma.SPI5_TX.2.MemInc=DMA_MINC_ENABLE
Dma.SPI5_TX.2.Mode=DMA_NORMAL
Dma.SPI5_TX.2.PeriphDataAlignment=DMA_PDATAALIGN_BYTE
Dma.SPI5_TX.2.PeriphInc=DMA_PINC_DISABLE
Dma.SPI5_TX.2.Priority=DMA_PRIORITY_LOW
Dma.SPI5_TX.2.RequestParameters=Instance,Direction,PeriphInc,MemInc,PeriphDataAlignment,MemDataAlignment,Mode,Priority,FIFOMode
FREERTOS.FootprintOK=true
FREERTOS.IPParameters=Tasks01,configENABLE_FPU,configMAX_TASK_NAME_LEN,configMINIMAL_STACK_SIZE,configQUEUE_REGISTRY_SIZE,configENABLE_BACKWARD_COMPATIBILITY,configUSE_IDLE_HOOK,configUSE_TICK_HOOK,configUSE_MALLOC_FAILED_HOOK,configUSE_DAEMON_TASK_STARTUP_HOOK,configCHECK_FOR_STACK_OVERFLOW,configGENERATE_RUN_TIME_STATS,configUSE_STATS_FORMATTING_FUNCTIONS,configUSE_CO_ROUTINES,configMAX_CO_ROUTINE_PRIORITIES,configTOTAL_HEAP_SIZE,configUSE_NEWLIB_REENTRANT,FootprintOK
FREERTOS.Tasks01=defaultTask,24,256,StartDefaultTask,As weak,NULL,Dynamic,NULL,NULL
FREERTOS.configCHECK_FOR_STACK_OVERFLOW=2
FREERTOS.configENABLE_BACKWARD_COMPATIBILITY=0
FREERTOS.configENABLE_FPU=1
FREERTOS.configGENERATE_RUN_TIME_STATS=1
FREERTOS.configMAX_CO_ROUTINE_PRIORITIES=6
FREERTOS.configMAX_TASK_NAME_LEN=32
FREERTOS.configMINIMAL_STACK_SIZE=256
FREERTOS.configQUEUE_REGISTRY_SIZE=16
FREERTOS.configTOTAL_HEAP_SIZE=32000
FREERTOS.configUSE_CO_ROUTINES=1
FREERTOS.configUSE_DAEMON_TASK_STARTUP_HOOK=1
FREERTOS.configUSE_IDLE_HOOK=1
FREERTOS.configUSE_MALLOC_FAILED_HOOK=1
FREERTOS.configUSE_NEWLIB_REENTRANT=1
FREERTOS.configUSE_STATS_FORMATTING_FUNCTIONS=1
FREERTOS.configUSE_TICK_HOOK=1
File.Version=6
GPIO.groupedBy=Group By Peripherals
I2S2.AudioFreq=I2S_AUDIOFREQ_192K
I2S2.ClockSource=I2S_CLOCK_PLL
I2S2.DataFormat=I2S_DATAFORMAT_24B
I2S2.ErrorAudioFreq=-2.36 %
I2S2.FullDuplexMode=I2S_FULLDUPLEXMODE_DISABLE
I2S2.IPParameters=Instance,VirtualMode,FullDuplexMode,RealAudioFreq,ErrorAudioFreq,AudioFreq,ClockSource,DataFormat
I2S2.Instance=SPI$Index
I2S2.RealAudioFreq=187.465 KHz
I2S2.VirtualMode=I2S_MODE_MASTER
I2S3.AudioFreq=I2S_AUDIOFREQ_192K
I2S3.ClockSource=I2S_CLOCK_PLL
I2S3.DataFormat=I2S_DATAFORMAT_24B
I2S3.ErrorAudioFreq=-2.36 %
I2S3.FullDuplexMode=I2S_FULLDUPLEXMODE_DISABLE
I2S3.IPParameters=Instance,VirtualMode,FullDuplexMode,RealAudioFreq,ErrorAudioFreq,AudioFreq,DataFormat,ClockSource,Mode
I2S3.Instance=SPI$Index
I2S3.Mode=I2S_MODE_SLAVE_RX
I2S3.RealAudioFreq=187.465 KHz
I2S3.VirtualMode=I2S_MODE_SLAVE
KeepUserPlacement=false
Mcu.CPN=STM32F411CEU6
Mcu.Family=STM32F4
Mcu.IP0=CRC
Mcu.IP1=DMA
Mcu.IP10=USB_OTG_FS
Mcu.IP2=FREERTOS
Mcu.IP3=I2S2
Mcu.IP4=I2S3
Mcu.IP5=NVIC
Mcu.IP6=RCC
Mcu.IP7=SPI5
Mcu.IP8=SYS
Mcu.IP9=TIM4
Mcu.IPNb=11
Mcu.Name=STM32F411C(C-E)Ux
Mcu.Package=UFQFPN48
Mcu.Pin0=PC13-ANTI_TAMP
Mcu.Pin1=PH0 - OSC_IN
Mcu.Pin10=PB15
Mcu.Pin11=PA10
Mcu.Pin12=PA11
Mcu.Pin13=PA12
Mcu.Pin14=PA13
Mcu.Pin15=PA14
Mcu.Pin16=PB3
Mcu.Pin17=PB4
Mcu.Pin18=PB5
Mcu.Pin19=PB6
Mcu.Pin2=PH1 - OSC_OUT
Mcu.Pin20=PB7
Mcu.Pin21=PB8
Mcu.Pin22=PB9
Mcu.Pin23=VP_CRC_VS_CRC
Mcu.Pin24=VP_FREERTOS_VS_CMSIS_V2
Mcu.Pin25=VP_SYS_VS_tim1
Mcu.Pin26=VP_TIM4_VS_ClockSourceINT
Mcu.Pin3=PA0-WKUP
Mcu.Pin4=PA4
Mcu.Pin5=PA6
Mcu.Pin6=PB0
Mcu.Pin7=PB2
Mcu.Pin8=PB12
Mcu.Pin9=PB13
Mcu.PinsNb=27
Mcu.ThirdPartyNb=0
Mcu.UserConstants=
Mcu.UserName=STM32F411CEUx
MxCube.Version=6.10.0
MxDb.Version=DB.6.0.100
NVIC.BusFault_IRQn=true\:0\:0\:false\:false\:true\:false\:false\:false\:false
NVIC.DMA1_Stream2_IRQn=true\:5\:0\:false\:true\:true\:4\:true\:false\:true\:true
NVIC.DMA1_Stream4_IRQn=true\:5\:0\:false\:true\:true\:5\:true\:false\:true\:true
NVIC.DMA2_Stream4_IRQn=true\:5\:0\:false\:true\:true\:6\:true\:false\:true\:true
NVIC.DebugMonitor_IRQn=true\:0\:0\:false\:false\:true\:false\:false\:false\:false
NVIC.FLASH_IRQn=true\:5\:0\:false\:true\:true\:2\:true\:true\:true\:true
NVIC.FPU_IRQn=true\:5\:0\:false\:true\:true\:7\:true\:true\:false\:true
NVIC.ForceEnableDMAVector=true
NVIC.HardFault_IRQn=true\:0\:0\:false\:false\:true\:false\:false\:false\:false
NVIC.MemoryManagement_IRQn=true\:0\:0\:false\:false\:true\:false\:false\:false\:false
NVIC.NonMaskableInt_IRQn=true\:0\:0\:false\:false\:true\:false\:false\:false\:false
NVIC.OTG_FS_IRQn=true\:5\:0\:false\:true\:true\:11\:true\:true\:true\:true
NVIC.PVD_IRQn=true\:5\:0\:false\:true\:true\:1\:true\:true\:true\:true
NVIC.PendSV_IRQn=true\:15\:0\:false\:false\:false\:true\:false\:false\:false
NVIC.PriorityGroup=NVIC_PRIORITYGROUP_4
NVIC.RCC_IRQn=true\:5\:0\:false\:true\:true\:3\:true\:true\:false\:true
NVIC.SPI2_IRQn=true\:5\:0\:false\:true\:true\:8\:true\:true\:true\:true
NVIC.SPI3_IRQn=true\:5\:0\:false\:true\:true\:9\:true\:true\:true\:true
NVIC.SPI5_IRQn=true\:5\:0\:false\:true\:true\:10\:true\:true\:true\:true
NVIC.SVCall_IRQn=true\:0\:0\:false\:false\:false\:false\:false\:false\:false
NVIC.SavedPendsvIrqHandlerGenerated=true
NVIC.SavedSvcallIrqHandlerGenerated=true
NVIC.SavedSystickIrqHandlerGenerated=true
NVIC.SysTick_IRQn=true\:15\:0\:false\:false\:false\:true\:false\:true\:false
NVIC.TIM1_UP_TIM10_IRQn=true\:15\:0\:false\:false\:true\:false\:false\:true\:true
NVIC.TimeBase=TIM1_UP_TIM10_IRQn
NVIC.TimeBaseIP=TIM1
NVIC.UsageFault_IRQn=true\:0\:0\:false\:false\:true\:false\:false\:false\:false
PA0-WKUP.GPIOParameters=GPIO_PuPd,GPIO_Label,GPIO_Mode
PA0-WKUP.GPIO_Label=USER_KEY
PA0-WKUP.GPIO_Mode=GPIO_MODE_INPUT
PA0-WKUP.GPIO_PuPd=GPIO_PULLUP
PA0-WKUP.Locked=true
PA0-WKUP.Signal=GPIO_Input
PA10.Mode=TX_Only_Simplex_Unidirect_Master
PA10.Signal=SPI5_MOSI
PA11.Locked=true
PA11.Mode=Device_Only
PA11.Signal=USB_OTG_FS_DM
PA12.Locked=true
PA12.Mode=Device_Only
PA12.Signal=USB_OTG_FS_DP
PA13.Locked=true
PA13.Mode=Serial_Wire
PA13.Signal=SYS_JTMS-SWDIO
PA14.Locked=true
PA14.Mode=Serial_Wire
PA14.Signal=SYS_JTCK-SWCLK
PA4.Locked=true
PA4.Mode=Half_Duplex_Slave
PA4.Signal=I2S3_WS
PA6.Locked=true
PA6.Mode=Master_Clock_Activated
PA6.Signal=I2S2_MCK
PB0.Locked=true
PB0.Mode=TX_Only_Simplex_Unidirect_Master
PB0.Signal=SPI5_SCK
PB12.Locked=true
PB12.Mode=Half_Duplex_Master
PB12.Signal=I2S2_WS
PB13.Locked=true
PB13.Mode=Half_Duplex_Master
PB13.Signal=I2S2_CK
PB15.Locked=true
PB15.Mode=Half_Duplex_Master
PB15.Signal=I2S2_SD
PB2.GPIOParameters=PinState,GPIO_Label,GPIO_ModeDefaultOutputPP
PB2.GPIO_Label=I2S2_MUTE_CTRL
PB2.GPIO_ModeDefaultOutputPP=GPIO_MODE_OUTPUT_PP
PB2.Locked=true
PB2.PinState=GPIO_PIN_SET
PB2.Signal=GPIO_Output
PB3.Locked=true
PB3.Mode=Half_Duplex_Slave
PB3.Signal=I2S3_CK
PB4.GPIOParameters=GPIO_Speed,GPIO_Label
PB4.GPIO_Label=LCD_SPI5_CS2_PIN
PB4.GPIO_Speed=GPIO_SPEED_FREQ_MEDIUM
PB4.Locked=true
PB4.Signal=GPIO_Output
PB5.Locked=true
PB5.Mode=Half_Duplex_Slave
PB5.Signal=I2S3_SD
PB6.GPIOParameters=GPIO_Speed,GPIO_Label
PB6.GPIO_Label=LCD_LED_LEVEL
PB6.GPIO_Speed=GPIO_SPEED_FREQ_MEDIUM
PB6.Locked=true
PB6.Signal=S_TIM4_CH1
PB7.GPIOParameters=GPIO_Speed,GPIO_Label
PB7.GPIO_Label=LCD_SPI5_RST_PIN
PB7.GPIO_Speed=GPIO_SPEED_FREQ_MEDIUM
PB7.Locked=true
PB7.Signal=GPIO_Output
PB8.GPIOParameters=GPIO_Speed,GPIO_Label
PB8.GPIO_Label=LCD_SPI5_RS_PIN
PB8.GPIO_Speed=GPIO_SPEED_FREQ_MEDIUM
PB8.Locked=true
PB8.Signal=GPIO_Output
PB9.GPIOParameters=GPIO_Speed,GPIO_Label
PB9.GPIO_Label=LCD_SPI5_CS_PIN
PB9.GPIO_Speed=GPIO_SPEED_FREQ_HIGH
PB9.Locked=true
PB9.Signal=GPIO_Output
PC13-ANTI_TAMP.GPIOParameters=PinState,GPIO_Label,GPIO_ModeDefaultOutputPP
PC13-ANTI_TAMP.GPIO_Label=ONBOARD_LED_PIN
PC13-ANTI_TAMP.GPIO_ModeDefaultOutputPP=GPIO_MODE_OUTPUT_PP
PC13-ANTI_TAMP.Locked=true
PC13-ANTI_TAMP.PinState=GPIO_PIN_RESET
PC13-ANTI_TAMP.Signal=GPIO_Output
PH0\ -\ OSC_IN.Mode=HSE-External-Oscillator
PH0\ -\ OSC_IN.Signal=RCC_OSC_IN
PH1\ -\ OSC_OUT.Mode=HSE-External-Oscillator
PH1\ -\ OSC_OUT.Signal=RCC_OSC_OUT
PinOutPanel.RotationAngle=0
ProjectManager.AskForMigrate=true
ProjectManager.BackupPrevious=false
ProjectManager.CompilerOptimize=6
ProjectManager.ComputerToolchain=false
ProjectManager.CoupleFile=true
ProjectManager.CustomerFirmwarePackage=
ProjectManager.DefaultFWLocation=true
ProjectManager.DeletePrevious=true
ProjectManager.DeviceId=STM32F411CEUx
ProjectManager.FirmwarePackage=STM32Cube FW_F4 V1.28.0
ProjectManager.FreePins=true
ProjectManager.HalAssertFull=true
ProjectManager.HeapSize=0x2400
ProjectManager.KeepUserCode=true
ProjectManager.LastFirmware=true
ProjectManager.LibraryCopy=2
ProjectManager.MainLocation=Core/Src
ProjectManager.MultiThreaded=true
ProjectManager.NoMain=false
ProjectManager.PreviousToolchain=
ProjectManager.ProjectBuild=false
ProjectManager.ProjectFileName=board.ioc
ProjectManager.ProjectName=board
ProjectManager.ProjectStructure=
ProjectManager.RegisterCallBack=
ProjectManager.StackSize=0x4800
ProjectManager.TargetToolchain=Makefile
ProjectManager.ThreadSafeStrategy=Cortex-M4NS\:GenericStrategy2,
ProjectManager.ToolChainLocation=
ProjectManager.UAScriptAfterPath=
ProjectManager.UAScriptBeforePath=
ProjectManager.UnderRoot=false
ProjectManager.functionlistsort=1-SystemClock_Config-RCC-false-HAL-false,2-MX_GPIO_Init-GPIO-false-HAL-true,3-MX_DMA_Init-DMA-false-HAL-true,4-MX_I2S2_Init-I2S2-false-HAL-true,5-MX_CRC_Init-CRC-false-HAL-true,6-MX_SPI5_Init-SPI5-false-HAL-true,7-MX_I2S3_Init-I2S3-false-HAL-true,8-MX_TIM4_Init-TIM4-false-HAL-true,9-MX_USB_OTG_FS_PCD_Init-USB_OTG_FS-false-HAL-true
RCC.48MHZClocksFreq_Value=48000000
RCC.AHBFreq_Value=96000000
RCC.APB1CLKDivider=RCC_HCLK_DIV2
RCC.APB1Freq_Value=48000000
RCC.APB1TimFreq_Value=96000000
RCC.APB2Freq_Value=96000000
RCC.APB2TimFreq_Value=96000000
RCC.CortexFreq_Value=96000000
RCC.EXTERNAL_CLOCK_VALUE=24576000
RCC.EthernetFreq_Value=96000000
RCC.FCLKCortexFreq_Value=96000000
RCC.FamilyName=M
RCC.HCLKFreq_Value=96000000
RCC.HSE_VALUE=25000000
RCC.HSI_VALUE=16000000
RCC.I2SClocksFreq_Value=191964285.7142857
RCC.IPParameters=48MHZClocksFreq_Value,AHBFreq_Value,APB1CLKDivider,APB1Freq_Value,APB1TimFreq_Value,APB2Freq_Value,APB2TimFreq_Value,CortexFreq_Value,EXTERNAL_CLOCK_VALUE,EthernetFreq_Value,FCLKCortexFreq_Value,FamilyName,HCLKFreq_Value,HSE_VALUE,HSI_VALUE,I2SClocksFreq_Value,LSE_VALUE,LSI_VALUE,PLLCLKFreq_Value,PLLI2SM,PLLI2SN,PLLM,PLLN,PLLP,PLLQ,PLLQCLKFreq_Value,RCC_RTC_Clock_SourceVirtual,RCC_RTC_Clock_Source_FROM_HSE,RCC_TIM_PRescaler_Selection,RTCFreq_Value,RTCHSEDivFreq_Value,SYSCLKFreq_VALUE,SYSCLKSource,VCOI2SOutputFreq_Value,VCOInputFreq_Value,VCOInputMFreq_Value,VCOOutputFreq_Value,VcooutputI2S
RCC.LSE_VALUE=32768
RCC.LSI_VALUE=32000
RCC.PLLCLKFreq_Value=96000000
RCC.PLLI2SM=14
RCC.PLLI2SN=215
RCC.PLLM=25
RCC.PLLN=384
RCC.PLLP=RCC_PLLP_DIV4
RCC.PLLQ=8
RCC.PLLQCLKFreq_Value=48000000
RCC.RCC_RTC_Clock_SourceVirtual=RCC_RTCCLKSOURCE_HSE_DIV25
RCC.RCC_RTC_Clock_Source_FROM_HSE=RCC_RTCCLKSOURCE_HSE_DIV25
RCC.RCC_TIM_PRescaler_Selection=RCC_TIMPRES_ACTIVATED
RCC.RTCFreq_Value=1000000
RCC.RTCHSEDivFreq_Value=1000000
RCC.SYSCLKFreq_VALUE=96000000
RCC.SYSCLKSource=RCC_SYSCLKSOURCE_PLLCLK
RCC.VCOI2SOutputFreq_Value=383928571.4285714
RCC.VCOInputFreq_Value=1000000
RCC.VCOInputMFreq_Value=1785714.2857142857
RCC.VCOOutputFreq_Value=384000000
RCC.VcooutputI2S=191964285.7142857
SH.S_TIM4_CH1.0=TIM4_CH1,PWM Generation1 CH1
SH.S_TIM4_CH1.ConfNb=1
SPI5.BaudRatePrescaler=SPI_BAUDRATEPRESCALER_8
SPI5.CalculateBaudRate=12.0 MBits/s
SPI5.DataSize=SPI_DATASIZE_8BIT
SPI5.Direction=SPI_DIRECTION_2LINES
SPI5.IPParameters=VirtualType,Mode,Direction,CalculateBaudRate,BaudRatePrescaler,DataSize
SPI5.Mode=SPI_MODE_MASTER
SPI5.VirtualType=VM_MASTER
TIM4.Channel-PWM\ Generation1\ CH1=TIM_CHANNEL_1
TIM4.IPParameters=Channel-PWM Generation1 CH1,Prescaler,Period
TIM4.Period=500-1
TIM4.Prescaler=768-1
USB_OTG_FS.IPParameters=VirtualMode,Sof_enable
USB_OTG_FS.Sof_enable=ENABLE
USB_OTG_FS.VirtualMode=Device_Only
VP_CRC_VS_CRC.Mode=CRC_Activate
VP_CRC_VS_CRC.Signal=CRC_VS_CRC
VP_FREERTOS_VS_CMSIS_V2.Mode=CMSIS_V2
VP_FREERTOS_VS_CMSIS_V2.Signal=FREERTOS_VS_CMSIS_V2
VP_SYS_VS_tim1.Mode=TIM1
VP_SYS_VS_tim1.Signal=SYS_VS_tim1
VP_TIM4_VS_ClockSourceINT.Mode=Internal
VP_TIM4_VS_ClockSourceINT.Signal=TIM4_VS_ClockSourceINT
board=custom
rtos.0.ip=FREERTOS
